github.com/HugoBlox/hugo-blox-builder/modules/blox-analytics v0.2.0 h1:eS05pTNTa9pYpRalBTBt7EgcB4XRPnkSyTFfOmB7/Aw=
github.com/HugoBlox/hugo-blox-builder/modules/blox-analytics v0.2.0/go.mod h1:0YQtVvRLCzZOpPmbVNk7WDx8t19/QfRTFO+pwyqQNk8=
github.com/HugoBlox/hugo-blox-builder/modules/blox-plugin-netlify v1.1.2 h1:rgavbaIjA9ki73sJ9OkE/yIdUYF2AJALs6NzCg6kC60=
github.com/HugoBlox/hugo-blox-builder/modules/blox-plugin-netlify v1.1.2/go.mod h1:C7jfxMLv1bEUqbM9XDSmEpfOpS8w06OgqNDEcbuRgL4=
github.com/HugoBlox/hugo-blox-builder/modules/blox-tailwind v0.8.0 h1:inbUjJMt18cHnj58p1T6Mj8o5qIdngkpjISXLfUsTbU=
github.com/HugoBlox/hugo-blox-builder/modules/blox-tailwind v0.8.0/go.mod h1:iiKLoehg9IqQd0R4jUfhl+wvJCiXPNgV88A/V8iKSLY=
github.com/KKKZOZ/hugo-admonitions v0.10.1 h1:ZJU157gve6JhmB5fHKWjwgRI80s+mFyCqASTkAHazLI=
github.com/KKKZOZ/hugo-admonitions v0.10.1/go.mod h1:4PsJAsqo3mS3VzAtDLa8k0ds+CJQUWZhAo9kLi1NRlM=
github.com/gohugoio/hugo-mod-heroicons v0.0.0-20230311221257-aa5a3a372386 h1:4ssTg+cPu0aiV35lrF2APJ+6d3/s909LcAyC30d+Sd8=
github.com/gohugoio/hugo-mod-heroicons v0.0.0-20230311221257-aa5a3a372386/go.mod h1:Dr4s5WED0qTYSmJtl8LXknqSaO4Jmw5UF6OqKMCWaxo=
github.com/gohugoio/hugo-mod-jslibs-dist/popperjs/v2 v2.21100.20000 h1:GZxx4Hc+yb0/t3/rau1j8XlAxLE4CyXns2fqQbyqWfs=
github.com/gohugoio/hugo-mod-jslibs-dist/popperjs/v2 v2.21100.20000/go.mod h1:mFberT6ZtcchrsDtfvJM7aAH2bDKLdOnruUHl0hlapI=
github.com/hugomods/code-block-panel v0.9.0 h1:rIyoZQRsW7OCprinbZ93mC8D7x/UdciHmedb/JMIeKM=
github.com/hugomods/code-block-panel v0.9.0/go.mod h1:3J9yUxaShbhYvFFZbGVHcBoHPl6TUKLL3f2fTsnVNNg=
github.com/hugomods/i18n-js v0.2.1/go.mod h1:eJfxjgI2CQsNA1/ReIVvr5127DftUKcbHd2A2SQmDvU=
github.com/hugomods/snackbar v0.1.2/go.mod h1:ykFm0IFibeQPuPAm8Gaa27xJS/bNZcSez4omVSl2gQ0=
github.com/krisk/Fuse v7.1.0+incompatible h1:WKrE7/HvvQQnysvOcOXk+KDlKoH+Z6S0KJcAtbglvXs=
github.com/krisk/Fuse v7.1.0+incompatible/go.mod h1:3moWv8rDjwoKic9nwiPLgZjldkbdTAbtzJHCu/Vsj4A=
github.com/razonyang/hb-snackbar v0.1.0/go.mod h1:D/JnHGRdM7mDSsE/PQ0RDLQ803GD1W3XQ9neN9Hb8Nc=
github.com/razonyang/hugo-mod-code-block-panel v0.1.2 h1:LPwtUtR6pAUfLkMD0/IYT0Dh8AnlV4nFIl7BnR0t9dk=
github.com/razonyang/hugo-mod-code-block-panel v0.1.2/go.mod h1:Mwh9GEXbT4OlzrTLX+orerma1PkUbVg9bjke8N7tvVg=
github.com/razonyang/hugo-mod-fuse-js v0.1.0 h1:IPWcKaqhpwlP8ziPiSGCrde6oSCswLfJWhXSCvjcOlk=
github.com/razonyang/hugo-mod-fuse-js v0.1.0/go.mod h1:+0fqwM+6kYuGsPYUO/r1aVcXzSpYW2vu3LDp6GT+zec=
github.com/razonyang/hugo-mod-i18n-js v0.2.1/go.mod h1:tYWfHF0qtvmsMHHgGN1Yw/cDVgGe7hUK1sCsegW5e8g=
github.com/razonyang/hugo-mod-snackbar v0.1.0/go.mod h1:oyxNmVVSd7ftc/LAVpwOM0HyHX68PDkFc2FOgYZWd3E=
github.com/tailwindlabs/heroicons v2.0.16+incompatible/go.mod h1:2SHGOdw86jviBkoeQINcTfkzAAao9dciip4RsMS9xIg=
